{
  "lockfileVersion": 1,
  "workspaces": {
    "": {
      "name": "example-templates",
      "dependencies": {
        "@timonteutelink/template-types-lib": "0.0.45",
        "@types/node": "^22.18.1",
        "yaml": "^2.8.1",
        "zod": "^3.25.76",
      },
      "devDependencies": {
        "prettier": "^3.6.2",
        "typescript": "^5.9.2",
      },
    },
  },
  "packages": {
    "@timonteutelink/template-types-lib": ["@timonteutelink/template-types-lib@0.0.45", "", { "peerDependencies": { "handlebars": "^4.7.8", "zod": "^3.25.76" } }, ""],

    "@types/node": ["@types/node@22.18.1", "", { "dependencies": { "undici-types": "~6.21.0" } }, ""],

    "handlebars": ["handlebars@4.7.8", "", { "dependencies": { "minimist": "^1.2.5", "neo-async": "^2.6.2", "source-map": "^0.6.1", "wordwrap": "^1.0.0" }, "optionalDependencies": { "uglify-js": "^3.1.4" }, "bin": "bin/handlebars" }, ""],

    "minimist": ["minimist@1.2.8", "", {}, ""],

    "neo-async": ["neo-async@2.6.2", "", {}, ""],

    "prettier": ["prettier@3.6.2", "", { "bin": "bin/prettier.cjs" }, ""],

    "source-map": ["source-map@0.6.1", "", {}, ""],

    "typescript": ["typescript@5.9.2", "", { "bin": { "tsc": "bin/tsc", "tsserver": "bin/tsserver" } }, ""],

    "uglify-js": ["uglify-js@3.19.3", "", { "bin": { "uglifyjs": "bin/uglifyjs" } }, ""],

    "undici-types": ["undici-types@6.21.0", "", {}, ""],

    "wordwrap": ["wordwrap@1.0.0", "", {}, ""],

    "yaml": ["yaml@2.8.1", "", { "bin": "bin.mjs" }, ""],

    "zod": ["zod@3.25.76", "", {}, ""],
  }
}
